
Microsoft Visual Studio Solution File, Format Version 12.00
# Visual Studio Version 17
VisualStudioVersion = 17.9.34701.34
MinimumVisualStudioVersion = 10.0.40219.1
Project("{9A19103F-16F7-4668-BE54-9A1E7A4F7556}") = "testbarcode", "testbarcode\testbarcode.csproj", "{AEE5BEB7-7144-44D8-B56E-E977F3231E88}"
EndProject
Global
	GlobalSection(SolutionConfigurationPlatforms) = preSolution
		Debug|Any CPU = Debug|Any CPU
		Release|Any CPU = Release|Any CPU
	EndGlobalSection
	GlobalSection(ProjectConfigurationPlatforms) = postSolution
		{AEE5BEB7-7144-44D8-B56E-E977F3231E88}.Debug|Any CPU.ActiveCfg = Debug|Any CPU
		{AEE5BEB7-7144-44D8-B56E-E977F3231E88}.Debug|Any CPU.Build.0 = Debug|Any CPU
		{AEE5BEB7-7144-44D8-B56E-E977F3231E88}.Release|Any CPU.ActiveCfg = Release|Any CPU
		{AEE5BEB7-7144-44D8-B56E-E977F3231E88}.Release|Any CPU.Build.0 = Release|Any CPU
	EndGlobalSection
	GlobalSection(SolutionProperties) = preSolution
		HideSolutionNode = FALSE
	EndGlobalSection
	GlobalSection(ExtensibilityGlobals) = postSolution
		SolutionGuid = {B66B2740-DE68-4C03-8558-5244C7B05689}
	EndGlobalSection
EndGlobal
